
Microsoft Visual Studio Solution File, Format Version 12.00
# Visual Studio 15
VisualStudioVersion = 15.0.28010.2036
MinimumVisualStudioVersion = 10.0.40219.1
Project("{FAE04EC0-301F-11D3-BF4B-00C04F79EFBC}") = "Calculator", "Calculator\Calculator.csproj", "{14AB5A4D-4BB0-4AAF-9025-3C58DFFDEF70}"
EndProject
Global
	GlobalSection(SolutionConfigurationPlatforms) = preSolution
		Debug|Any CPU = Debug|Any CPU
		Release|Any CPU = Release|Any CPU
	EndGlobalSection
	GlobalSection(ProjectConfigurationPlatforms) = postSolution
		{14AB5A4D-4BB0-4AAF-9025-3C58DFFDEF70}.Debug|Any CPU.ActiveCfg = Debug|Any CPU
		{14AB5A4D-4BB0-4AAF-9025-3C58DFFDEF70}.Debug|Any CPU.Build.0 = Debug|Any CPU
		{14AB5A4D-4BB0-4AAF-9025-3C58DFFDEF70}.Release|Any CPU.ActiveCfg = Release|Any CPU
		{14AB5A4D-4BB0-4AAF-9025-3C58DFFDEF70}.Release|Any CPU.Build.0 = Release|Any CPU
	EndGlobalSection
	GlobalSection(SolutionProperties) = preSolution
		HideSolutionNode = FALSE
	EndGlobalSection
	GlobalSection(ExtensibilityGlobals) = postSolution
		SolutionGuid = {7E040801-2EC8-47DF-AEDF-646310231198}
	EndGlobalSection
EndGlobal
